# THIS IS AN AUTOGENERATED FILE. DO NOT EDIT THIS FILE DIRECTLY.
# yarn lockfile v1


coc-css@>=1.3.0:
  version "1.3.0"
  resolved "https://registry.npmmirror.com/coc-css/-/coc-css-1.3.0.tgz#9fb85490b203dd1d3960d4cadc29b8b97178ef3f"
  integrity sha512-adpUCwj1sFK+6RFXVDUYZe3oC+I1dre4XoWVZY7H05Fn7r7sa5QbpQ/F+kIce2sveQbsVoLTR7mfr18wH7Ru+w==

coc-html@>=1.6.1:
  version "1.6.1"
  resolved "https://registry.npmmirror.com/coc-html/-/coc-html-1.6.1.tgz#b6fb5bc57fc9a3914d0c6de6db284947c4986696"
  integrity sha512-HtFYiBx2ZIFairTsfDwLsMUTGwlH498VzAipWZeCOIGf7ZXetEbv0t+wr7IAy2KMIwhlmzoMsi5aHSlUupxGHA==
  dependencies:
    typescript "^4.3"

coc-json@>=1.4.2:
  version "1.4.2"
  resolved "https://registry.npmmirror.com/coc-json/-/coc-json-1.4.2.tgz#9fac770a3cc6024bbc306b6fb46c8d0b6c8eb44b"
  integrity sha512-o39cHt6BxsIEaAcd9bC8Smgej0mtYBWXG2vORGuBFFPylTqRzu96nUwlzVh+cPrPfpmrM5tv3LEtXo/urFNhSA==

coc-tsserver@>=1.10.5:
  version "1.10.5"
  resolved "https://registry.npmmirror.com/coc-tsserver/-/coc-tsserver-1.10.5.tgz#3df8765d95e46fb582ef0f454fdaeecebccdaef4"
  integrity sha512-XU+kNQLtKpEcjnf5KYXO+FdLJPrMJXU+FzZrXhniN3Zatv3z58BZr07dY01sG3LGV2of/9o58EZNs7rdSst1Pg==
  dependencies:
    typescript "^4.7.2"

typescript@^4.3, typescript@^4.7.2:
  version "4.7.4"
  resolved "https://registry.npmmirror.com/typescript/-/typescript-4.7.4.tgz#1a88596d1cf47d59507a1bcdfb5b9dfe4d488235"
  integrity sha512-C0WQT0gezHuw6AdY1M2jxUO83Rjf0HP7Sk1DtXj6j1EwkQNZrHAg2XPWlq62oqEhYvONq5pkC2Y9oPljWToLmQ==
